// !$*UTF8*$!
{
	archiveVersion = 1;
	classes = {
	};
	objectVersion = 55;
	objects = {

/* Begin PBXBuildFile section */
		7A4C6AEF27F4CF4400207C42 /* Tracker.swift in Sources */ = {isa = PBXBuildFile; fileRef = 7A4C6AEE27F4CF4400207C42 /* Tracker.swift */; };
		7A4C6AF127F4CFA100207C42 /* TrackerTests.swift in Sources */ = {isa = PBXBuildFile; fileRef = 7A4C6AF027F4CFA100207C42 /* TrackerTests.swift */; };
		7AC2101E27E38B82008549BA /* AppDelegate.swift in Sources */ = {isa = PBXBuildFile; fileRef = 7AC2101D27E38B82008549BA /* AppDelegate.swift */; };
		7AC2102027E38B82008549BA /* SceneDelegate.swift in Sources */ = {isa = PBXBuildFile; fileRef = 7AC2101F27E38B82008549BA /* SceneDelegate.swift */; };
		7AC2102227E38B82008549BA /* ViewController.swift in Sources */ = {isa = PBXBuildFile; fileRef = 7AC2102127E38B82008549BA /* ViewController.swift */; };
		7AC2102527E38B82008549BA /* Main.storyboard in Resources */ = {isa = PBXBuildFile; fileRef = 7AC2102327E38B82008549BA /* Main.storyboard */; };
		7AC2102727E38B84008549BA /* Assets.xcassets in Resources */ = {isa = PBXBuildFile; fileRef = 7AC2102627E38B84008549BA /* Assets.xcassets */; };
		7AC2102A27E38B84008549BA /* LaunchScreen.storyboard in Resources */ = {isa = PBXBuildFile; fileRef = 7AC2102827E38B84008549BA /* LaunchScreen.storyboard */; };
		7AC2103527E38B84008549BA /* bestTeamTests.swift in Sources */ = {isa = PBXBuildFile; fileRef = 7AC2103427E38B84008549BA /* bestTeamTests.swift */; };
		7AC2104E27E38C2E008549BA /* .gitignore in Resources */ = {isa = PBXBuildFile; fileRef = 7AC2104D27E38C2E008549BA /* .gitignore */; };
		7AC2105027E38DF6008549BA /* BMI in Sources */ = {isa = PBXBuildFile; fileRef = 7AC2104F27E38DF6008549BA /* BMI */; };
		A53B555B28235149003B76F8 /* DailyFactViewController.swift in Sources */ = {isa = PBXBuildFile; fileRef = A53B555A28235148003B76F8 /* DailyFactViewController.swift */; };
		A53B555F2823562F003B76F8 /* MapViewController.swift in Sources */ = {isa = PBXBuildFile; fileRef = A53B555E2823562F003B76F8 /* MapViewController.swift */; };
		A53B55612823572F003B76F8 /* Callout.swift in Sources */ = {isa = PBXBuildFile; fileRef = A53B55602823572F003B76F8 /* Callout.swift */; };
		A53B556328235773003B76F8 /* Annotation.swift in Sources */ = {isa = PBXBuildFile; fileRef = A53B556228235773003B76F8 /* Annotation.swift */; };
		A53B55652823582D003B76F8 /* AnnotationView.swift in Sources */ = {isa = PBXBuildFile; fileRef = A53B55642823582D003B76F8 /* AnnotationView.swift */; };
		A5EA434A280234B6003AD0A4 /* factTests.swift in Sources */ = {isa = PBXBuildFile; fileRef = A5EA4349280234B6003AD0A4 /* factTests.swift */; };
		A5EA434C2802350E003AD0A4 /* randomFacts.swift in Sources */ = {isa = PBXBuildFile; fileRef = A5EA434B2802350E003AD0A4 /* randomFacts.swift */; };
/* End PBXBuildFile section */

/* Begin PBXContainerItemProxy section */
		7AC2103127E38B84008549BA /* PBXContainerItemProxy */ = {
			isa = PBXContainerItemProxy;
			containerPortal = 7AC2101227E38B82008549BA /* Project object */;
			proxyType = 1;
			remoteGlobalIDString = 7AC2101927E38B82008549BA;
			remoteInfo = bestTeam;
		};
/* End PBXContainerItemProxy section */

/* Begin PBXFileReference section */
		7A4C6AEE27F4CF4400207C42 /* Tracker.swift */ = {isa = PBXFileReference; lastKnownFileType = sourcecode.swift; path = Tracker.swift; sourceTree = "<group>"; };
		7A4C6AF027F4CFA100207C42 /* TrackerTests.swift */ = {isa = PBXFileReference; lastKnownFileType = sourcecode.swift; path = TrackerTests.swift; sourceTree = "<group>"; };
		7AC2101A27E38B82008549BA /* bestTeam.app */ = {isa = PBXFileReference; explicitFileType = wrapper.application; includeInIndex = 0; path = bestTeam.app; sourceTree = BUILT_PRODUCTS_DIR; };
		7AC2101D27E38B82008549BA /* AppDelegate.swift */ = {isa = PBXFileReference; lastKnownFileType = sourcecode.swift; path = AppDelegate.swift; sourceTree = "<group>"; };
		7AC2101F27E38B82008549BA /* SceneDelegate.swift */ = {isa = PBXFileReference; lastKnownFileType = sourcecode.swift; path = SceneDelegate.swift; sourceTree = "<group>"; };
		7AC2102127E38B82008549BA /* ViewController.swift */ = {isa = PBXFileReference; lastKnownFileType = sourcecode.swift; path = ViewController.swift; sourceTree = "<group>"; };
		7AC2102427E38B82008549BA /* Base */ = {isa = PBXFileReference; lastKnownFileType = file.storyboard; name = Base; path = Base.lproj/Main.storyboard; sourceTree = "<group>"; };
		7AC2102627E38B84008549BA /* Assets.xcassets */ = {isa = PBXFileReference; lastKnownFileType = folder.assetcatalog; path = Assets.xcassets; sourceTree = "<group>"; };
		7AC2102927E38B84008549BA /* Base */ = {isa = PBXFileReference; lastKnownFileType = file.storyboard; name = Base; path = Base.lproj/LaunchScreen.storyboard; sourceTree = "<group>"; };
		7AC2102B27E38B84008549BA /* Info.plist */ = {isa = PBXFileReference; lastKnownFileType = text.plist.xml; path = Info.plist; sourceTree = "<group>"; };
		7AC2103027E38B84008549BA /* bestTeamTests.xctest */ = {isa = PBXFileReference; explicitFileType = wrapper.cfbundle; includeInIndex = 0; path = bestTeamTests.xctest; sourceTree = BUILT_PRODUCTS_DIR; };
		7AC2103427E38B84008549BA /* bestTeamTests.swift */ = {isa = PBXFileReference; lastKnownFileType = sourcecode.swift; path = bestTeamTests.swift; sourceTree = "<group>"; };
		7AC2104D27E38C2E008549BA /* .gitignore */ = {isa = PBXFileReference; lastKnownFileType = text; path = .gitignore; sourceTree = "<group>"; };
		7AC2104F27E38DF6008549BA /* BMI */ = {isa = PBXFileReference; lastKnownFileType = folder; path = BMI; sourceTree = "<group>"; };
		A53B555A28235148003B76F8 /* DailyFactViewController.swift */ = {isa = PBXFileReference; lastKnownFileType = sourcecode.swift; path = DailyFactViewController.swift; sourceTree = "<group>"; };
		A53B555E2823562F003B76F8 /* MapViewController.swift */ = {isa = PBXFileReference; lastKnownFileType = sourcecode.swift; path = MapViewController.swift; sourceTree = "<group>"; };
		A53B55602823572F003B76F8 /* Callout.swift */ = {isa = PBXFileReference; lastKnownFileType = sourcecode.swift; path = Callout.swift; sourceTree = "<group>"; };
		A53B556228235773003B76F8 /* Annotation.swift */ = {isa = PBXFileReference; lastKnownFileType = sourcecode.swift; path = Annotation.swift; sourceTree = "<group>"; };
		A53B55642823582D003B76F8 /* AnnotationView.swift */ = {isa = PBXFileReference; lastKnownFileType = sourcecode.swift; path = AnnotationView.swift; sourceTree = "<group>"; };
		A5EA4349280234B6003AD0A4 /* factTests.swift */ = {isa = PBXFileReference; lastKnownFileType = sourcecode.swift; path = factTests.swift; sourceTree = "<group>"; };
		A5EA434B2802350E003AD0A4 /* randomFacts.swift */ = {isa = PBXFileReference; lastKnownFileType = sourcecode.swift; path = randomFacts.swift; sourceTree = "<group>"; };
/* End PBXFileReference section */

/* Begin PBXFrameworksBuildPhase section */
		7AC2101727E38B82008549BA /* Frameworks */ = {
			isa = PBXFrameworksBuildPhase;
			buildActionMask = 2147483647;
			files = (
			);
			runOnlyForDeploymentPostprocessing = 0;
		};
		7AC2102D27E38B84008549BA /* Frameworks */ = {
			isa = PBXFrameworksBuildPhase;
			buildActionMask = 2147483647;
			files = (
			);
			runOnlyForDeploymentPostprocessing = 0;
		};
/* End PBXFrameworksBuildPhase section */

/* Begin PBXGroup section */
		7A4C6AED27F4CF3300207C42 /* TrackerFiles */ = {
			isa = PBXGroup;
			children = (
				7A4C6AEE27F4CF4400207C42 /* Tracker.swift */,
			);
			path = TrackerFiles;
			sourceTree = "<group>";
		};
		7AC2101127E38B81008549BA = {
			isa = PBXGroup;
			children = (
				7AC2104D27E38C2E008549BA /* .gitignore */,
				7AC2101C27E38B82008549BA /* bestTeam */,
				7AC2103327E38B84008549BA /* bestTeamTests */,
				7AC2101B27E38B82008549BA /* Products */,
			);
			sourceTree = "<group>";
		};
		7AC2101B27E38B82008549BA /* Products */ = {
			isa = PBXGroup;
			children = (
				7AC2101A27E38B82008549BA /* bestTeam.app */,
				7AC2103027E38B84008549BA /* bestTeamTests.xctest */,
			);
			name = Products;
			sourceTree = "<group>";
		};
		7AC2101C27E38B82008549BA /* bestTeam */ = {
			isa = PBXGroup;
			children = (
				A53B555D2823549B003B76F8 /* map */,
				7AC2101D27E38B82008549BA /* AppDelegate.swift */,
				7AC2101F27E38B82008549BA /* SceneDelegate.swift */,
				7AC2102127E38B82008549BA /* ViewController.swift */,
				7AC2102327E38B82008549BA /* Main.storyboard */,
				7AC2102627E38B84008549BA /* Assets.xcassets */,
				7AC2102827E38B84008549BA /* LaunchScreen.storyboard */,
				7AC2102B27E38B84008549BA /* Info.plist */,
				7AC2104F27E38DF6008549BA /* BMI */,
				7A4C6AED27F4CF3300207C42 /* TrackerFiles */,
				A5EA434B2802350E003AD0A4 /* randomFacts.swift */,
				A53B555A28235148003B76F8 /* DailyFactViewController.swift */,
			);
			path = bestTeam;
			sourceTree = "<group>";
		};
		7AC2103327E38B84008549BA /* bestTeamTests */ = {
			isa = PBXGroup;
			children = (
				7AC2103427E38B84008549BA /* bestTeamTests.swift */,
				7A4C6AF027F4CFA100207C42 /* TrackerTests.swift */,
				A5EA4349280234B6003AD0A4 /* factTests.swift */,
			);
			path = bestTeamTests;
			sourceTree = "<group>";
		};
		A53B555D2823549B003B76F8 /* map */ = {
			isa = PBXGroup;
			children = (
				A53B555E2823562F003B76F8 /* MapViewController.swift */,
				A53B55602823572F003B76F8 /* Callout.swift */,
				A53B556228235773003B76F8 /* Annotation.swift */,
				A53B55642823582D003B76F8 /* AnnotationView.swift */,
			);
			path = map;
			sourceTree = "<group>";
		};
/* End PBXGroup section */

/* Begin PBXNativeTarget section */
		7AC2101927E38B82008549BA /* bestTeam */ = {
			isa = PBXNativeTarget;
			buildConfigurationList = 7AC2104427E38B85008549BA /* Build configuration list for PBXNativeTarget "bestTeam" */;
			buildPhases = (
				7AC2101627E38B82008549BA /* Sources */,
				7AC2101727E38B82008549BA /* Frameworks */,
				7AC2101827E38B82008549BA /* Resources */,
			);
			buildRules = (
			);
			dependencies = (
			);
			name = bestTeam;
			productName = bestTeam;
			productReference = 7AC2101A27E38B82008549BA /* bestTeam.app */;
			productType = "com.apple.product-type.application";
		};
		7AC2102F27E38B84008549BA /* bestTeamTests */ = {
			isa = PBXNativeTarget;
			buildConfigurationList = 7AC2104727E38B85008549BA /* Build configuration list for PBXNativeTarget "bestTeamTests" */;
			buildPhases = (
				7AC2102C27E38B84008549BA /* Sources */,
				7AC2102D27E38B84008549BA /* Frameworks */,
				7AC2102E27E38B84008549BA /* Resources */,
			);
			buildRules = (
			);
			dependencies = (
				7AC2103227E38B84008549BA /* PBXTargetDependency */,
			);
			name = bestTeamTests;
			productName = bestTeamTests;
			productReference = 7AC2103027E38B84008549BA /* bestTeamTests.xctest */;
			productType = "com.apple.product-type.bundle.unit-test";
		};
/* End PBXNativeTarget section */

/* Begin PBXProject section */
		7AC2101227E38B82008549BA /* Project object */ = {
			isa = PBXProject;
			attributes = {
				BuildIndependentTargetsInParallel = 1;
				LastSwiftUpdateCheck = 1330;
				LastUpgradeCheck = 1330;
				TargetAttributes = {
					7AC2101927E38B82008549BA = {
						CreatedOnToolsVersion = 13.3;
					};
					7AC2102F27E38B84008549BA = {
						CreatedOnToolsVersion = 13.3;
						TestTargetID = 7AC2101927E38B82008549BA;
					};
				};
			};
			buildConfigurationList = 7AC2101527E38B82008549BA /* Build configuration list for PBXProject "bestTeam" */;
			compatibilityVersion = "Xcode 13.0";
			developmentRegion = en;
			hasScannedForEncodings = 0;
			knownRegions = (
				en,
				Base,
			);
			mainGroup = 7AC2101127E38B81008549BA;
			productRefGroup = 7AC2101B27E38B82008549BA /* Products */;
			projectDirPath = "";
			projectRoot = "";
			targets = (
				7AC2101927E38B82008549BA /* bestTeam */,
				7AC2102F27E38B84008549BA /* bestTeamTests */,
			);
		};
/* End PBXProject section */

/* Begin PBXResourcesBuildPhase section */
		7AC2101827E38B82008549BA /* Resources */ = {
			isa = PBXResourcesBuildPhase;
			buildActionMask = 2147483647;
			files = (
				7AC2104E27E38C2E008549BA /* .gitignore in Resources */,
				7AC2102A27E38B84008549BA /* LaunchScreen.storyboard in Resources */,
				7AC2102727E38B84008549BA /* Assets.xcassets in Resources */,
				7AC2102527E38B82008549BA /* Main.storyboard in Resources */,
			);
			runOnlyForDeploymentPostprocessing = 0;
		};
		7AC2102E27E38B84008549BA /* Resources */ = {
			isa = PBXResourcesBuildPhase;
			buildActionMask = 2147483647;
			files = (
			);
			runOnlyForDeploymentPostprocessing = 0;
		};
/* End PBXResourcesBuildPhase section */

/* Begin PBXSourcesBuildPhase section */
		7AC2101627E38B82008549BA /* Sources */ = {
			isa = PBXSourcesBuildPhase;
			buildActionMask = 2147483647;
			files = (
				A53B55612823572F003B76F8 /* Callout.swift in Sources */,
				7AC2105027E38DF6008549BA /* BMI in Sources */,
				A53B555B28235149003B76F8 /* DailyFactViewController.swift in Sources */,
				7AC2102227E38B82008549BA /* ViewController.swift in Sources */,
				7A4C6AEF27F4CF4400207C42 /* Tracker.swift in Sources */,
				A53B55652823582D003B76F8 /* AnnotationView.swift in Sources */,
				7AC2101E27E38B82008549BA /* AppDelegate.swift in Sources */,
				A53B556328235773003B76F8 /* Annotation.swift in Sources */,
				A5EA434C2802350E003AD0A4 /* randomFacts.swift in Sources */,
				7AC2102027E38B82008549BA /* SceneDelegate.swift in Sources */,
				A53B555F2823562F003B76F8 /* MapViewController.swift in Sources */,
			);
			runOnlyForDeploymentPostprocessing = 0;
		};
		7AC2102C27E38B84008549BA /* Sources */ = {
			isa = PBXSourcesBuildPhase;
			buildActionMask = 2147483647;
			files = (
				7A4C6AF127F4CFA100207C42 /* TrackerTests.swift in Sources */,
				7AC2103527E38B84008549BA /* bestTeamTests.swift in Sources */,
				A5EA434A280234B6003AD0A4 /* factTests.swift in Sources */,
			);
			runOnlyForDeploymentPostprocessing = 0;
		};
/* End PBXSourcesBuildPhase section */

/* Begin PBXTargetDependency section */
		7AC2103227E38B84008549BA /* PBXTargetDependency */ = {
			isa = PBXTargetDependency;
			target = 7AC2101927E38B82008549BA /* bestTeam */;
			targetProxy = 7AC2103127E38B84008549BA /* PBXContainerItemProxy */;
		};
/* End PBXTargetDependency section */

/* Begin PBXVariantGroup section */
		7AC2102327E38B82008549BA /* Main.storyboard */ = {
			isa = PBXVariantGroup;
			children = (
				7AC2102427E38B82008549BA /* Base */,
			);
			name = Main.storyboard;
			sourceTree = "<group>";
		};
		7AC2102827E38B84008549BA /* LaunchScreen.storyboard */ = {
			isa = PBXVariantGroup;
			children = (
				7AC2102927E38B84008549BA /* Base */,
			);
			name = LaunchScreen.storyboard;
			sourceTree = "<group>";
		};
/* End PBXVariantGroup section */

/* Begin XCBuildConfiguration section */
		7AC2104227E38B85008549BA /* Debug */ = {
			isa = XCBuildConfiguration;
			buildSettings = {
				ALWAYS_SEARCH_USER_PATHS = NO;
				CLANG_ANALYZER_NONNULL = YES;
				CLANG_ANALYZER_NUMBER_OBJECT_CONVERSION = YES_AGGRESSIVE;
				CLANG_CXX_LANGUAGE_STANDARD = "gnu++17";
				CLANG_ENABLE_MODULES = YES;
				CLANG_ENABLE_OBJC_ARC = YES;
				CLANG_ENABLE_OBJC_WEAK = YES;
				CLANG_WARN_BLOCK_CAPTURE_AUTORELEASING = YES;
				CLANG_WARN_BOOL_CONVERSION = YES;
				CLANG_WARN_COMMA = YES;
				CLANG_WARN_CONSTANT_CONVERSION = YES;
				CLANG_WARN_DEPRECATED_OBJC_IMPLEMENTATIONS = YES;
				CLANG_WARN_DIRECT_OBJC_ISA_USAGE = YES_ERROR;
				CLANG_WARN_DOCUMENTATION_COMMENTS = YES;
				CLANG_WARN_EMPTY_BODY = YES;
				CLANG_WARN_ENUM_CONVERSION = YES;
				CLANG_WARN_INFINITE_RECURSION = YES;
				CLANG_WARN_INT_CONVERSION = YES;
				CLANG_WARN_NON_LITERAL_NULL_CONVERSION = YES;
				CLANG_WARN_OBJC_IMPLICIT_RETAIN_SELF = YES;
				CLANG_WARN_OBJC_LITERAL_CONVERSION = YES;
				CLANG_WARN_OBJC_ROOT_CLASS = YES_ERROR;
				CLANG_WARN_QUOTED_INCLUDE_IN_FRAMEWORK_HEADER = YES;
				CLANG_WARN_RANGE_LOOP_ANALYSIS = YES;
				CLANG_WARN_STRICT_PROTOTYPES = YES;
				CLANG_WARN_SUSPICIOUS_MOVE = YES;
				CLANG_WARN_UNGUARDED_AVAILABILITY = YES_AGGRESSIVE;
				CLANG_WARN_UNREACHABLE_CODE = YES;
				CLANG_WARN__DUPLICATE_METHOD_MATCH = YES;
				COPY_PHASE_STRIP = NO;
				DEBUG_INFORMATION_FORMAT = dwarf;
				ENABLE_STRICT_OBJC_MSGSEND = YES;
				ENABLE_TESTABILITY = YES;
				GCC_C_LANGUAGE_STANDARD = gnu11;
				GCC_DYNAMIC_NO_PIC = NO;
				GCC_NO_COMMON_BLOCKS = YES;
				GCC_OPTIMIZATION_LEVEL = 0;
				GCC_PREPROCESSOR_DEFINITIONS = (
					"DEBUG=1",
					"$(inherited)",
				);
				GCC_WARN_64_TO_32_BIT_CONVERSION = YES;
				GCC_WARN_ABOUT_RETURN_TYPE = YES_ERROR;
				GCC_WARN_UNDECLARED_SELECTOR = YES;
				GCC_WARN_UNINITIALIZED_AUTOS = YES_AGGRESSIVE;
				GCC_WARN_UNUSED_FUNCTION = YES;
				GCC_WARN_UNUSED_VARIABLE = YES;
				IPHONEOS_DEPLOYMENT_TARGET = 15.4;
				MTL_ENABLE_DEBUG_INFO = INCLUDE_SOURCE;
				MTL_FAST_MATH = YES;
				ONLY_ACTIVE_ARCH = YES;
				SDKROOT = iphoneos;
				SWIFT_ACTIVE_COMPILATION_CONDITIONS = DEBUG;
				SWIFT_OPTIMIZATION_LEVEL = "-Onone";
			};
			name = Debug;
		};
		7AC2104327E38B85008549BA /* Release */ = {
			isa = XCBuildConfiguration;
			buildSettings = {
				ALWAYS_SEARCH_USER_PATHS = NO;
				CLANG_ANALYZER_NONNULL = YES;
				CLANG_ANALYZER_NUMBER_OBJECT_CONVERSION = YES_AGGRESSIVE;
				CLANG_CXX_LANGUAGE_STANDARD = "gnu++17";
				CLANG_ENABLE_MODULES = YES;
				CLANG_ENABLE_OBJC_ARC = YES;
				CLANG_ENABLE_OBJC_WEAK = YES;
				CLANG_WARN_BLOCK_CAPTURE_AUTORELEASING = YES;
				CLANG_WARN_BOOL_CONVERSION = YES;
				CLANG_WARN_COMMA = YES;
				CLANG_WARN_CONSTANT_CONVERSION = YES;
				CLANG_WARN_DEPRECATED_OBJC_IMPLEMENTATIONS = YES;
				CLANG_WARN_DIRECT_OBJC_ISA_USAGE = YES_ERROR;
				CLANG_WARN_DOCUMENTATION_COMMENTS = YES;
				CLANG_WARN_EMPTY_BODY = YES;
				CLANG_WARN_ENUM_CONVERSION = YES;
				CLANG_WARN_INFINITE_RECURSION = YES;
				CLANG_WARN_INT_CONVERSION = YES;
				CLANG_WARN_NON_LITERAL_NULL_CONVERSION = YES;
				CLANG_WARN_OBJC_IMPLICIT_RETAIN_SELF = YES;
				CLANG_WARN_OBJC_LITERAL_CONVERSION = YES;
				CLANG_WARN_OBJC_ROOT_CLASS = YES_ERROR;
				CLANG_WARN_QUOTED_INCLUDE_IN_FRAMEWORK_HEADER = YES;
				CLANG_WARN_RANGE_LOOP_ANALYSIS = YES;
				CLANG_WARN_STRICT_PROTOTYPES = YES;
				CLANG_WARN_SUSPICIOUS_MOVE = YES;
				CLANG_WARN_UNGUARDED_AVAILABILITY = YES_AGGRESSIVE;
				CLANG_WARN_UNREACHABLE_CODE = YES;
				CLANG_WARN__DUPLICATE_METHOD_MATCH = YES;
				COPY_PHASE_STRIP = NO;
				DEBUG_INFORMATION_FORMAT = "dwarf-with-dsym";
				ENABLE_NS_ASSERTIONS = NO;
				ENABLE_STRICT_OBJC_MSGSEND = YES;
				GCC_C_LANGUAGE_STANDARD = gnu11;
				GCC_NO_COMMON_BLOCKS = YES;
				GCC_WARN_64_TO_32_BIT_CONVERSION = YES;
				GCC_WARN_ABOUT_RETURN_TYPE = YES_ERROR;
				GCC_WARN_UNDECLARED_SELECTOR = YES;
				GCC_WARN_UNINITIALIZED_AUTOS = YES_AGGRESSIVE;
				GCC_WARN_UNUSED_FUNCTION = YES;
				GCC_WARN_UNUSED_VARIABLE = YES;
				IPHONEOS_DEPLOYMENT_TARGET = 15.4;
				MTL_ENABLE_DEBUG_INFO = NO;
				MTL_FAST_MATH = YES;
				SDKROOT = iphoneos;
				SWIFT_COMPILATION_MODE = wholemodule;
				SWIFT_OPTIMIZATION_LEVEL = "-O";
				VALIDATE_PRODUCT = YES;
			};
			name = Release;
		};
		7AC2104527E38B85008549BA /* Debug */ = {
			isa = XCBuildConfiguration;
			buildSettings = {
				ASSETCATALOG_COMPILER_APPICON_NAME = AppIcon;
				ASSETCATALOG_COMPILER_GLOBAL_ACCENT_COLOR_NAME = AccentColor;
				CODE_SIGN_STYLE = Automatic;
				CURRENT_PROJECT_VERSION = 1;
				DEVELOPMENT_TEAM = SFBGDA98Q2;
				GENERATE_INFOPLIST_FILE = YES;
				INFOPLIST_FILE = bestTeam/Info.plist;
				INFOPLIST_KEY_UIApplicationSupportsIndirectInputEvents = YES;
				INFOPLIST_KEY_UILaunchStoryboardName = LaunchScreen;
				INFOPLIST_KEY_UIMainStoryboardFile = Main;
				INFOPLIST_KEY_UISupportedInterfaceOrientations_iPad = "UIInterfaceOrientationPortrait UIInterfaceOrientationPortraitUpsideDown UIInterfaceOrientationLandscapeLeft UIInterfaceOrientationLandscapeRight";
				INFOPLIST_KEY_UISupportedInterfaceOrientations_iPhone = "UIInterfaceOrientationPortrait UIInterfaceOrientationLandscapeLeft UIInterfaceOrientationLandscapeRight";
				IPHONEOS_DEPLOYMENT_TARGET = 15.2;
				LD_RUNPATH_SEARCH_PATHS = (
					"$(inherited)",
					"@executable_path/Frameworks",
				);
				MARKETING_VERSION = 1.0;
				PRODUCT_BUNDLE_IDENTIFIER = chungEdison.bestTeam;
				PRODUCT_NAME = "$(TARGET_NAME)";
				SWIFT_EMIT_LOC_STRINGS = YES;
				SWIFT_VERSION = 5.0;
				TARGETED_DEVICE_FAMILY = "1,2";
			};
			name = Debug;
		};
		7AC2104627E38B85008549BA /* Release */ = {
			isa = XCBuildConfiguration;
			buildSettings = {
				ASSETCATALOG_COMPILER_APPICON_NAME = AppIcon;
				ASSETCATALOG_COMPILER_GLOBAL_ACCENT_COLOR_NAME = AccentColor;
				CODE_SIGN_STYLE = Automatic;
				CURRENT_PROJECT_VERSION = 1;
				DEVELOPMENT_TEAM = SFBGDA98Q2;
				GENERATE_INFOPLIST_FILE = YES;
				INFOPLIST_FILE = bestTeam/Info.plist;
				INFOPLIST_KEY_UIApplicationSupportsIndirectInputEvents = YES;
				INFOPLIST_KEY_UILaunchStoryboardName = LaunchScreen;
				INFOPLIST_KEY_UIMainStoryboardFile = Main;
				INFOPLIST_KEY_UISupportedInterfaceOrientations_iPad = "UIInterfaceOrientationPortrait UIInterfaceOrientationPortraitUpsideDown UIInterfaceOrientationLandscapeLeft UIInterfaceOrientationLandscapeRight";
				INFOPLIST_KEY_UISupportedInterfaceOrientations_iPhone = "UIInterfaceOrientationPortrait UIInterfaceOrientationLandscapeLeft UIInterfaceOrientationLandscapeRight";
				IPHONEOS_DEPLOYMENT_TARGET = 15.2;
				LD_RUNPATH_SEARCH_PATHS = (
					"$(inherited)",
					"@executable_path/Frameworks",
				);
				MARKETING_VERSION = 1.0;
				PRODUCT_BUNDLE_IDENTIFIER = chungEdison.bestTeam;
				PRODUCT_NAME = "$(TARGET_NAME)";
				SWIFT_EMIT_LOC_STRINGS = YES;
				SWIFT_VERSION = 5.0;
				TARGETED_DEVICE_FAMILY = "1,2";
			};
			name = Release;
		};
		7AC2104827E38B85008549BA /* Debug */ = {
			isa = XCBuildConfiguration;
			buildSettings = {
				ALWAYS_EMBED_SWIFT_STANDARD_LIBRARIES = YES;
				BUNDLE_LOADER = "$(TEST_HOST)";
				CODE_SIGN_STYLE = Automatic;
				CURRENT_PROJECT_VERSION = 1;
				DEVELOPMENT_TEAM = SFBGDA98Q2;
				GENERATE_INFOPLIST_FILE = YES;
				IPHONEOS_DEPLOYMENT_TARGET = 15.2;
				MARKETING_VERSION = 1.0;
				PRODUCT_BUNDLE_IDENTIFIER = chungEdison.bestTeamTests;
				PRODUCT_NAME = "$(TARGET_NAME)";
				SWIFT_EMIT_LOC_STRINGS = NO;
				SWIFT_VERSION = 5.0;
				TARGETED_DEVICE_FAMILY = "1,2";
				TEST_HOST = "$(BUILT_PRODUCTS_DIR)/bestTeam.app/bestTeam";
			};
			name = Debug;
		};
		7AC2104927E38B85008549BA /* Release */ = {
			isa = XCBuildConfiguration;
			buildSettings = {
				ALWAYS_EMBED_SWIFT_STANDARD_LIBRARIES = YES;
				BUNDLE_LOADER = "$(TEST_HOST)";
				CODE_SIGN_STYLE = Automatic;
				CURRENT_PROJECT_VERSION = 1;
				DEVELOPMENT_TEAM = SFBGDA98Q2;
				GENERATE_INFOPLIST_FILE = YES;
				IPHONEOS_DEPLOYMENT_TARGET = 15.2;
				MARKETING_VERSION = 1.0;
				PRODUCT_BUNDLE_IDENTIFIER = chungEdison.bestTeamTests;
				PRODUCT_NAME = "$(TARGET_NAME)";
				SWIFT_EMIT_LOC_STRINGS = NO;
				SWIFT_VERSION = 5.0;
				TARGETED_DEVICE_FAMILY = "1,2";
				TEST_HOST = "$(BUILT_PRODUCTS_DIR)/bestTeam.app/bestTeam";
			};
			name = Release;
		};
/* End XCBuildConfiguration section */

/* Begin XCConfigurationList section */
		7AC2101527E38B82008549BA /* Build configuration list for PBXProject "bestTeam" */ = {
			isa = XCConfigurationList;
			buildConfigurations = (
				7AC2104227E38B85008549BA /* Debug */,
				7AC2104327E38B85008549BA /* Release */,
			);
			defaultConfigurationIsVisible = 0;
			defaultConfigurationName = Release;
		};
		7AC2104427E38B85008549BA /* Build configuration list for PBXNativeTarget "bestTeam" */ = {
			isa = XCConfigurationList;
			buildConfigurations = (
				7AC2104527E38B85008549BA /* Debug */,
				7AC2104627E38B85008549BA /* Release */,
			);
			defaultConfigurationIsVisible = 0;
			defaultConfigurationName = Release;
		};
		7AC2104727E38B85008549BA /* Build configuration list for PBXNativeTarget "bestTeamTests" */ = {
			isa = XCConfigurationList;
			buildConfigurations = (
				7AC2104827E38B85008549BA /* Debug */,
				7AC2104927E38B85008549BA /* Release */,
			);
			defaultConfigurationIsVisible = 0;
			defaultConfigurationName = Release;
		};
/* End XCConfigurationList section */
	};
	rootObject = 7AC2101227E38B82008549BA /* Project object */;
}
